
Microsoft Visual Studio Solution File, Format Version 12.00
# Visual Studio 15
VisualStudioVersion = 15.0.27428.1
MinimumVisualStudioVersion = 10.0.40219.1
Project("{2150E333-8FDC-42A3-9474-1A3956D46DE8}") = "tests", "tests", "{D53DAE50-05A2-46F3-97DE-C3CC5D7D9D9E}"
EndProject
Project("{9A19103F-16F7-4668-BE54-9A1E7A4F7556}") = "IqOptionApi", "src\iqoptionapi\IqOptionApi.csproj", "{D783FD8C-F29C-4090-93AF-6411CDEC256C}"
EndProject
Project("{9A19103F-16F7-4668-BE54-9A1E7A4F7556}") = "AutofacContrib.Nsubstitute", "tests\AutofacContrib.Nsubstitute\AutofacContrib.Nsubstitute.csproj", "{AA451B3A-10FD-4663-B720-F3AD16579C9B}"
EndProject
Project("{9A19103F-16F7-4668-BE54-9A1E7A4F7556}") = "IqOptionApi.Sample", "sample\iqoptionapi.sample\IqOptionApi.Sample.csproj", "{A297AE1B-0BBB-4D71-A742-F426F63CAC47}"
EndProject
Project("{2150E333-8FDC-42A3-9474-1A3956D46DE8}") = "DependencyInjection", "DependencyInjection", "{67DB469F-8B15-45D2-8BF3-2AFE15582C54}"
EndProject
Project("{FAE04EC0-301F-11D3-BF4B-00C04F79EFBC}") = "IqOptionApi.DependencyInjection", "src\IqOptionApi.DependencyInjection\IqOptionApi.DependencyInjection.csproj", "{C7E64129-97C2-4610-8141-07DB7E3907F9}"
EndProject
Project("{FAE04EC0-301F-11D3-BF4B-00C04F79EFBC}") = "IqOptionApi.DependencyInjection.Tests", "src\IqOptionApi.DependencyInjection.Tests\IqOptionApi.DependencyInjection.Tests.csproj", "{858DAE6C-AC4E-4B7D-B313-106D36F171CF}"
EndProject
Project("{9A19103F-16F7-4668-BE54-9A1E7A4F7556}") = "IqOptionApi.TestHelpers", "src\IqOptionApi.TestHelpers\IqOptionApi.TestHelpers.csproj", "{19DF8E7F-C9F5-487C-9C4F-5E6291B501A9}"
EndProject
Project("{9A19103F-16F7-4668-BE54-9A1E7A4F7556}") = "IqOptionApi.Tests", "src\IqOptionApi.Tests\IqOptionApi.Tests.csproj", "{BD0A0882-D333-4767-9194-ED66A671CE66}"
EndProject
Global
	GlobalSection(SolutionConfigurationPlatforms) = preSolution
		Debug|Any CPU = Debug|Any CPU
		Pack|Any CPU = Pack|Any CPU
		Release|Any CPU = Release|Any CPU
	EndGlobalSection
	GlobalSection(ProjectConfigurationPlatforms) = postSolution
		{D783FD8C-F29C-4090-93AF-6411CDEC256C}.Debug|Any CPU.ActiveCfg = Debug|Any CPU
		{D783FD8C-F29C-4090-93AF-6411CDEC256C}.Debug|Any CPU.Build.0 = Debug|Any CPU
		{D783FD8C-F29C-4090-93AF-6411CDEC256C}.Pack|Any CPU.ActiveCfg = Release|Any CPU
		{D783FD8C-F29C-4090-93AF-6411CDEC256C}.Pack|Any CPU.Build.0 = Release|Any CPU
		{D783FD8C-F29C-4090-93AF-6411CDEC256C}.Release|Any CPU.ActiveCfg = Release|Any CPU
		{D783FD8C-F29C-4090-93AF-6411CDEC256C}.Release|Any CPU.Build.0 = Release|Any CPU
		{AA451B3A-10FD-4663-B720-F3AD16579C9B}.Debug|Any CPU.ActiveCfg = Debug|Any CPU
		{AA451B3A-10FD-4663-B720-F3AD16579C9B}.Debug|Any CPU.Build.0 = Debug|Any CPU
		{AA451B3A-10FD-4663-B720-F3AD16579C9B}.Pack|Any CPU.ActiveCfg = Pack|Any CPU
		{AA451B3A-10FD-4663-B720-F3AD16579C9B}.Pack|Any CPU.Build.0 = Pack|Any CPU
		{AA451B3A-10FD-4663-B720-F3AD16579C9B}.Release|Any CPU.ActiveCfg = Release|Any CPU
		{AA451B3A-10FD-4663-B720-F3AD16579C9B}.Release|Any CPU.Build.0 = Release|Any CPU
		{A297AE1B-0BBB-4D71-A742-F426F63CAC47}.Debug|Any CPU.ActiveCfg = Debug|Any CPU
		{A297AE1B-0BBB-4D71-A742-F426F63CAC47}.Debug|Any CPU.Build.0 = Debug|Any CPU
		{A297AE1B-0BBB-4D71-A742-F426F63CAC47}.Pack|Any CPU.ActiveCfg = Pack|Any CPU
		{A297AE1B-0BBB-4D71-A742-F426F63CAC47}.Pack|Any CPU.Build.0 = Pack|Any CPU
		{A297AE1B-0BBB-4D71-A742-F426F63CAC47}.Release|Any CPU.ActiveCfg = Release|Any CPU
		{A297AE1B-0BBB-4D71-A742-F426F63CAC47}.Release|Any CPU.Build.0 = Release|Any CPU
		{C7E64129-97C2-4610-8141-07DB7E3907F9}.Debug|Any CPU.ActiveCfg = Debug|Any CPU
		{C7E64129-97C2-4610-8141-07DB7E3907F9}.Debug|Any CPU.Build.0 = Debug|Any CPU
		{C7E64129-97C2-4610-8141-07DB7E3907F9}.Pack|Any CPU.ActiveCfg = Debug|Any CPU
		{C7E64129-97C2-4610-8141-07DB7E3907F9}.Pack|Any CPU.Build.0 = Debug|Any CPU
		{C7E64129-97C2-4610-8141-07DB7E3907F9}.Release|Any CPU.ActiveCfg = Release|Any CPU
		{C7E64129-97C2-4610-8141-07DB7E3907F9}.Release|Any CPU.Build.0 = Release|Any CPU
		{858DAE6C-AC4E-4B7D-B313-106D36F171CF}.Debug|Any CPU.ActiveCfg = Debug|Any CPU
		{858DAE6C-AC4E-4B7D-B313-106D36F171CF}.Debug|Any CPU.Build.0 = Debug|Any CPU
		{858DAE6C-AC4E-4B7D-B313-106D36F171CF}.Pack|Any CPU.ActiveCfg = Debug|Any CPU
		{858DAE6C-AC4E-4B7D-B313-106D36F171CF}.Pack|Any CPU.Build.0 = Debug|Any CPU
		{858DAE6C-AC4E-4B7D-B313-106D36F171CF}.Release|Any CPU.ActiveCfg = Release|Any CPU
		{858DAE6C-AC4E-4B7D-B313-106D36F171CF}.Release|Any CPU.Build.0 = Release|Any CPU
		{19DF8E7F-C9F5-487C-9C4F-5E6291B501A9}.Debug|Any CPU.ActiveCfg = Debug|Any CPU
		{19DF8E7F-C9F5-487C-9C4F-5E6291B501A9}.Debug|Any CPU.Build.0 = Debug|Any CPU
		{19DF8E7F-C9F5-487C-9C4F-5E6291B501A9}.Pack|Any CPU.ActiveCfg = Debug|Any CPU
		{19DF8E7F-C9F5-487C-9C4F-5E6291B501A9}.Pack|Any CPU.Build.0 = Debug|Any CPU
		{19DF8E7F-C9F5-487C-9C4F-5E6291B501A9}.Release|Any CPU.ActiveCfg = Release|Any CPU
		{19DF8E7F-C9F5-487C-9C4F-5E6291B501A9}.Release|Any CPU.Build.0 = Release|Any CPU
		{BD0A0882-D333-4767-9194-ED66A671CE66}.Debug|Any CPU.ActiveCfg = Debug|Any CPU
		{BD0A0882-D333-4767-9194-ED66A671CE66}.Debug|Any CPU.Build.0 = Debug|Any CPU
		{BD0A0882-D333-4767-9194-ED66A671CE66}.Pack|Any CPU.ActiveCfg = Pack|Any CPU
		{BD0A0882-D333-4767-9194-ED66A671CE66}.Pack|Any CPU.Build.0 = Pack|Any CPU
		{BD0A0882-D333-4767-9194-ED66A671CE66}.Release|Any CPU.ActiveCfg = Release|Any CPU
		{BD0A0882-D333-4767-9194-ED66A671CE66}.Release|Any CPU.Build.0 = Release|Any CPU
	EndGlobalSection
	GlobalSection(SolutionProperties) = preSolution
		HideSolutionNode = FALSE
	EndGlobalSection
	GlobalSection(NestedProjects) = preSolution
		{AA451B3A-10FD-4663-B720-F3AD16579C9B} = {D53DAE50-05A2-46F3-97DE-C3CC5D7D9D9E}
		{C7E64129-97C2-4610-8141-07DB7E3907F9} = {67DB469F-8B15-45D2-8BF3-2AFE15582C54}
		{858DAE6C-AC4E-4B7D-B313-106D36F171CF} = {67DB469F-8B15-45D2-8BF3-2AFE15582C54}
	EndGlobalSection
	GlobalSection(ExtensibilityGlobals) = postSolution
		SolutionGuid = {B9E7D454-5C50-445A-A9DD-91E8806B8921}
	EndGlobalSection
EndGlobal
